
Microsoft Visual Studio Solution File, Format Version 12.00
# Visual Studio Version 17
VisualStudioVersion = 17.9.34616.47
MinimumVisualStudioVersion = 10.0.40219.1
Project("{FAE04EC0-301F-11D3-BF4B-00C04F79EFBC}") = "Societe", "Societe\Societe.csproj", "{93F33314-258B-4AE3-B61B-63842F33F347}"
EndProject
Global
	GlobalSection(SolutionConfigurationPlatforms) = preSolution
		Debug|Any CPU = Debug|Any CPU
		Release|Any CPU = Release|Any CPU
	EndGlobalSection
	GlobalSection(ProjectConfigurationPlatforms) = postSolution
		{93F33314-258B-4AE3-B61B-63842F33F347}.Debug|Any CPU.ActiveCfg = Debug|Any CPU
		{93F33314-258B-4AE3-B61B-63842F33F347}.Debug|Any CPU.Build.0 = Debug|Any CPU
		{93F33314-258B-4AE3-B61B-63842F33F347}.Release|Any CPU.ActiveCfg = Release|Any CPU
		{93F33314-258B-4AE3-B61B-63842F33F347}.Release|Any CPU.Build.0 = Release|Any CPU
	EndGlobalSection
	GlobalSection(SolutionProperties) = preSolution
		HideSolutionNode = FALSE
	EndGlobalSection
	GlobalSection(ExtensibilityGlobals) = postSolution
		SolutionGuid = {BC0D0E2A-866E-45AA-900E-18F402E9DE86}
	EndGlobalSection
EndGlobal
